
Microsoft Visual Studio Solution File, Format Version 12.00
# Visual Studio 15
VisualStudioVersion = 15.0.27130.2036
MinimumVisualStudioVersion = 10.0.40219.1
Project("{FAE04EC0-301F-11D3-BF4B-00C04F79EFBC}") = "LPO.Win", "LPO.Win\LPO.Win.csproj", "{D05D93DF-312D-4D4E-B980-726871EC7833}"
EndProject
Project("{FAE04EC0-301F-11D3-BF4B-00C04F79EFBC}") = "LPO.Web", "LPO.Web\LPO.Web.csproj", "{82A6DBC9-B1B4-44E4-9718-55DF930CD349}"
EndProject
Project("{FAE04EC0-301F-11D3-BF4B-00C04F79EFBC}") = "LPO.Module.Win", "LPO.Module.Win\LPO.Module.Win.csproj", "{7964F87D-BC5D-4C4E-8B2F-71E89739AA97}"
EndProject
Project("{FAE04EC0-301F-11D3-BF4B-00C04F79EFBC}") = "LPO.Module.Web", "LPO.Module.Web\LPO.Module.Web.csproj", "{0C729AAD-7626-4668-A7F1-35F7D240489D}"
EndProject
Project("{FAE04EC0-301F-11D3-BF4B-00C04F79EFBC}") = "LPO.Module", "LPO.Module\LPO.Module.csproj", "{5F15837D-D1E5-44DC-92F0-4F2EBE9C3F8D}"
EndProject
Project("{FAE04EC0-301F-11D3-BF4B-00C04F79EFBC}") = "GenerateUserFriendlyId.Module", "GenerateUserFriendlyId.Module\GenerateUserFriendlyId.Module.csproj", "{484A8217-DD6B-4E8F-B47E-F1F64D03BBB6}"
EndProject
Project("{FAE04EC0-301F-11D3-BF4B-00C04F79EFBC}") = "HyperLinkPropertyEditor.Web", "HyperLinkPropertyEditor.Web\HyperLinkPropertyEditor.Web.csproj", "{D7405FE5-4733-4700-8B8D-8BA1F61BB730}"
EndProject
Project("{FAE04EC0-301F-11D3-BF4B-00C04F79EFBC}") = "HyperLinkPropertyEditor.Win", "HyperLinkPropertyEditor.Win\HyperLinkPropertyEditor.Win.csproj", "{B8003A32-5D6C-49C5-9216-6BF42EDB83BD}"
EndProject
Global
	GlobalSection(SolutionConfigurationPlatforms) = preSolution
		Debug|Any CPU = Debug|Any CPU
		EasyTest|Any CPU = EasyTest|Any CPU
		Release|Any CPU = Release|Any CPU
	EndGlobalSection
	GlobalSection(ProjectConfigurationPlatforms) = postSolution
		{D05D93DF-312D-4D4E-B980-726871EC7833}.Debug|Any CPU.ActiveCfg = Debug|Any CPU
		{D05D93DF-312D-4D4E-B980-726871EC7833}.Debug|Any CPU.Build.0 = Debug|Any CPU
		{D05D93DF-312D-4D4E-B980-726871EC7833}.EasyTest|Any CPU.ActiveCfg = EasyTest|Any CPU
		{D05D93DF-312D-4D4E-B980-726871EC7833}.EasyTest|Any CPU.Build.0 = EasyTest|Any CPU
		{D05D93DF-312D-4D4E-B980-726871EC7833}.Release|Any CPU.ActiveCfg = Release|Any CPU
		{D05D93DF-312D-4D4E-B980-726871EC7833}.Release|Any CPU.Build.0 = Release|Any CPU
		{82A6DBC9-B1B4-44E4-9718-55DF930CD349}.Debug|Any CPU.ActiveCfg = Debug|Any CPU
		{82A6DBC9-B1B4-44E4-9718-55DF930CD349}.Debug|Any CPU.Build.0 = Debug|Any CPU
		{82A6DBC9-B1B4-44E4-9718-55DF930CD349}.EasyTest|Any CPU.ActiveCfg = EasyTest|Any CPU
		{82A6DBC9-B1B4-44E4-9718-55DF930CD349}.EasyTest|Any CPU.Build.0 = EasyTest|Any CPU
		{82A6DBC9-B1B4-44E4-9718-55DF930CD349}.Release|Any CPU.ActiveCfg = Release|Any CPU
		{82A6DBC9-B1B4-44E4-9718-55DF930CD349}.Release|Any CPU.Build.0 = Release|Any CPU
		{7964F87D-BC5D-4C4E-8B2F-71E89739AA97}.Debug|Any CPU.ActiveCfg = Debug|Any CPU
		{7964F87D-BC5D-4C4E-8B2F-71E89739AA97}.Debug|Any CPU.Build.0 = Debug|Any CPU
		{7964F87D-BC5D-4C4E-8B2F-71E89739AA97}.EasyTest|Any CPU.ActiveCfg = EasyTest|Any CPU
		{7964F87D-BC5D-4C4E-8B2F-71E89739AA97}.EasyTest|Any CPU.Build.0 = EasyTest|Any CPU
		{7964F87D-BC5D-4C4E-8B2F-71E89739AA97}.Release|Any CPU.ActiveCfg = Release|Any CPU
		{7964F87D-BC5D-4C4E-8B2F-71E89739AA97}.Release|Any CPU.Build.0 = Release|Any CPU
		{0C729AAD-7626-4668-A7F1-35F7D240489D}.Debug|Any CPU.ActiveCfg = Debug|Any CPU
		{0C729AAD-7626-4668-A7F1-35F7D240489D}.Debug|Any CPU.Build.0 = Debug|Any CPU
		{0C729AAD-7626-4668-A7F1-35F7D240489D}.EasyTest|Any CPU.ActiveCfg = EasyTest|Any CPU
		{0C729AAD-7626-4668-A7F1-35F7D240489D}.EasyTest|Any CPU.Build.0 = EasyTest|Any CPU
		{0C729AAD-7626-4668-A7F1-35F7D240489D}.Release|Any CPU.ActiveCfg = Release|Any CPU
		{0C729AAD-7626-4668-A7F1-35F7D240489D}.Release|Any CPU.Build.0 = Release|Any CPU
		{5F15837D-D1E5-44DC-92F0-4F2EBE9C3F8D}.Debug|Any CPU.ActiveCfg = Debug|Any CPU
		{5F15837D-D1E5-44DC-92F0-4F2EBE9C3F8D}.Debug|Any CPU.Build.0 = Debug|Any CPU
		{5F15837D-D1E5-44DC-92F0-4F2EBE9C3F8D}.EasyTest|Any CPU.ActiveCfg = EasyTest|Any CPU
		{5F15837D-D1E5-44DC-92F0-4F2EBE9C3F8D}.EasyTest|Any CPU.Build.0 = EasyTest|Any CPU
		{5F15837D-D1E5-44DC-92F0-4F2EBE9C3F8D}.Release|Any CPU.ActiveCfg = Release|Any CPU
		{5F15837D-D1E5-44DC-92F0-4F2EBE9C3F8D}.Release|Any CPU.Build.0 = Release|Any CPU
		{484A8217-DD6B-4E8F-B47E-F1F64D03BBB6}.Debug|Any CPU.ActiveCfg = Debug|Any CPU
		{484A8217-DD6B-4E8F-B47E-F1F64D03BBB6}.Debug|Any CPU.Build.0 = Debug|Any CPU
		{484A8217-DD6B-4E8F-B47E-F1F64D03BBB6}.EasyTest|Any CPU.ActiveCfg = EasyTest|Any CPU
		{484A8217-DD6B-4E8F-B47E-F1F64D03BBB6}.EasyTest|Any CPU.Build.0 = EasyTest|Any CPU
		{484A8217-DD6B-4E8F-B47E-F1F64D03BBB6}.Release|Any CPU.ActiveCfg = Release|Any CPU
		{484A8217-DD6B-4E8F-B47E-F1F64D03BBB6}.Release|Any CPU.Build.0 = Release|Any CPU
		{D7405FE5-4733-4700-8B8D-8BA1F61BB730}.Debug|Any CPU.ActiveCfg = Debug|Any CPU
		{D7405FE5-4733-4700-8B8D-8BA1F61BB730}.Debug|Any CPU.Build.0 = Debug|Any CPU
		{D7405FE5-4733-4700-8B8D-8BA1F61BB730}.EasyTest|Any CPU.ActiveCfg = Release|Any CPU
		{D7405FE5-4733-4700-8B8D-8BA1F61BB730}.EasyTest|Any CPU.Build.0 = Release|Any CPU
		{D7405FE5-4733-4700-8B8D-8BA1F61BB730}.Release|Any CPU.ActiveCfg = Release|Any CPU
		{D7405FE5-4733-4700-8B8D-8BA1F61BB730}.Release|Any CPU.Build.0 = Release|Any CPU
		{B8003A32-5D6C-49C5-9216-6BF42EDB83BD}.Debug|Any CPU.ActiveCfg = Debug|Any CPU
		{B8003A32-5D6C-49C5-9216-6BF42EDB83BD}.Debug|Any CPU.Build.0 = Debug|Any CPU
		{B8003A32-5D6C-49C5-9216-6BF42EDB83BD}.EasyTest|Any CPU.ActiveCfg = Release|Any CPU
		{B8003A32-5D6C-49C5-9216-6BF42EDB83BD}.EasyTest|Any CPU.Build.0 = Release|Any CPU
		{B8003A32-5D6C-49C5-9216-6BF42EDB83BD}.Release|Any CPU.ActiveCfg = Release|Any CPU
		{B8003A32-5D6C-49C5-9216-6BF42EDB83BD}.Release|Any CPU.Build.0 = Release|Any CPU
	EndGlobalSection
	GlobalSection(SolutionProperties) = preSolution
		HideSolutionNode = FALSE
	EndGlobalSection
	GlobalSection(ExtensibilityGlobals) = postSolution
		SolutionGuid = {D761A351-28A2-4640-86FB-651F5139312A}
	EndGlobalSection
EndGlobal
